
Microsoft Visual Studio Solution File, Format Version 12.00
# Visual Studio Version 17
VisualStudioVersion = 17.0.31903.59
MinimumVisualStudioVersion = 10.0.40219.1
Project("{2150E333-8FDC-42A3-9474-1A3956D46DE8}") = "src", "src", "{022A9920-9267-4C79-8558-7481B2CD1B97}"
EndProject
Project("{FAE04EC0-301F-11D3-BF4B-00C04F79EFBC}") = "WebApi", "src\WebApi\WebApi.csproj", "{71D94BF7-6558-42AB-A151-C5756B4D54F1}"
EndProject
Project("{FAE04EC0-301F-11D3-BF4B-00C04F79EFBC}") = "Core", "src\Core\Core.csproj", "{075F2766-9F89-4865-B619-802A479116DD}"
EndProject
Project("{FAE04EC0-301F-11D3-BF4B-00C04F79EFBC}") = "Infrastructure", "src\Infrastructure\Infrastructure.csproj", "{6257F0ED-1889-4563-A2DD-67147D620B0D}"
EndProject
Project("{FAE04EC0-301F-11D3-BF4B-00C04F79EFBC}") = "Application", "src\application\Application.csproj", "{3893C0A7-FCA6-4F6F-81C0-A410F0929C60}"
EndProject
Project("{2150E333-8FDC-42A3-9474-1A3956D46DE8}") = "tests", "tests", "{79BDAFD9-438D-4E47-AC7B-B072BFB2D483}"
EndProject
Project("{FAE04EC0-301F-11D3-BF4B-00C04F79EFBC}") = "Core.Tests", "tests\Core.Tests\Core.Tests.csproj", "{AF2E33E1-AC10-4CB6-8C10-629BFF7DDB47}"
EndProject
Project("{FAE04EC0-301F-11D3-BF4B-00C04F79EFBC}") = "WebApi.Tests", "tests\WebApi.Tests\WebApi.Tests.csproj", "{4DE53026-4114-4411-9DDA-B9B63AF0570A}"
EndProject
Global
	GlobalSection(SolutionConfigurationPlatforms) = preSolution
		Debug|Any CPU = Debug|Any CPU
		Release|Any CPU = Release|Any CPU
	EndGlobalSection
	GlobalSection(SolutionProperties) = preSolution
		HideSolutionNode = FALSE
	EndGlobalSection
	GlobalSection(ProjectConfigurationPlatforms) = postSolution
		{71D94BF7-6558-42AB-A151-C5756B4D54F1}.Debug|Any CPU.ActiveCfg = Debug|Any CPU
		{71D94BF7-6558-42AB-A151-C5756B4D54F1}.Debug|Any CPU.Build.0 = Debug|Any CPU
		{71D94BF7-6558-42AB-A151-C5756B4D54F1}.Release|Any CPU.ActiveCfg = Release|Any CPU
		{71D94BF7-6558-42AB-A151-C5756B4D54F1}.Release|Any CPU.Build.0 = Release|Any CPU
		{075F2766-9F89-4865-B619-802A479116DD}.Debug|Any CPU.ActiveCfg = Debug|Any CPU
		{075F2766-9F89-4865-B619-802A479116DD}.Debug|Any CPU.Build.0 = Debug|Any CPU
		{075F2766-9F89-4865-B619-802A479116DD}.Release|Any CPU.ActiveCfg = Release|Any CPU
		{075F2766-9F89-4865-B619-802A479116DD}.Release|Any CPU.Build.0 = Release|Any CPU
		{6257F0ED-1889-4563-A2DD-67147D620B0D}.Debug|Any CPU.ActiveCfg = Debug|Any CPU
		{6257F0ED-1889-4563-A2DD-67147D620B0D}.Debug|Any CPU.Build.0 = Debug|Any CPU
		{6257F0ED-1889-4563-A2DD-67147D620B0D}.Release|Any CPU.ActiveCfg = Release|Any CPU
		{6257F0ED-1889-4563-A2DD-67147D620B0D}.Release|Any CPU.Build.0 = Release|Any CPU
		{3893C0A7-FCA6-4F6F-81C0-A410F0929C60}.Debug|Any CPU.ActiveCfg = Debug|Any CPU
		{3893C0A7-FCA6-4F6F-81C0-A410F0929C60}.Debug|Any CPU.Build.0 = Debug|Any CPU
		{3893C0A7-FCA6-4F6F-81C0-A410F0929C60}.Release|Any CPU.ActiveCfg = Release|Any CPU
		{3893C0A7-FCA6-4F6F-81C0-A410F0929C60}.Release|Any CPU.Build.0 = Release|Any CPU
		{AF2E33E1-AC10-4CB6-8C10-629BFF7DDB47}.Debug|Any CPU.ActiveCfg = Debug|Any CPU
		{AF2E33E1-AC10-4CB6-8C10-629BFF7DDB47}.Debug|Any CPU.Build.0 = Debug|Any CPU
		{AF2E33E1-AC10-4CB6-8C10-629BFF7DDB47}.Release|Any CPU.ActiveCfg = Release|Any CPU
		{AF2E33E1-AC10-4CB6-8C10-629BFF7DDB47}.Release|Any CPU.Build.0 = Release|Any CPU
		{4DE53026-4114-4411-9DDA-B9B63AF0570A}.Debug|Any CPU.ActiveCfg = Debug|Any CPU
		{4DE53026-4114-4411-9DDA-B9B63AF0570A}.Debug|Any CPU.Build.0 = Debug|Any CPU
		{4DE53026-4114-4411-9DDA-B9B63AF0570A}.Release|Any CPU.ActiveCfg = Release|Any CPU
		{4DE53026-4114-4411-9DDA-B9B63AF0570A}.Release|Any CPU.Build.0 = Release|Any CPU
	EndGlobalSection
	GlobalSection(NestedProjects) = preSolution
		{71D94BF7-6558-42AB-A151-C5756B4D54F1} = {022A9920-9267-4C79-8558-7481B2CD1B97}
		{075F2766-9F89-4865-B619-802A479116DD} = {022A9920-9267-4C79-8558-7481B2CD1B97}
		{6257F0ED-1889-4563-A2DD-67147D620B0D} = {022A9920-9267-4C79-8558-7481B2CD1B97}
		{3893C0A7-FCA6-4F6F-81C0-A410F0929C60} = {022A9920-9267-4C79-8558-7481B2CD1B97}
		{AF2E33E1-AC10-4CB6-8C10-629BFF7DDB47} = {79BDAFD9-438D-4E47-AC7B-B072BFB2D483}
		{4DE53026-4114-4411-9DDA-B9B63AF0570A} = {79BDAFD9-438D-4E47-AC7B-B072BFB2D483}
	EndGlobalSection
EndGlobal
